// !$*UTF8*$!
{
	archiveVersion = 1;
	classes = {
	};
	objectVersion = 51;
	objects = {

/* Begin PBXBuildFile section */
		3AA6BD5AF345FA2AE2698B01 /* libPods-00BF Talk.a in Frameworks */ = {isa = PBXBuildFile; fileRef = 8F16159CCCADD43C22C96BED /* libPods-00BF Talk.a */; };
		8D49D5EA25833458004DE324 /* AppDelegate.swift in Sources */ = {isa = PBXBuildFile; fileRef = 8D49D5E925833458004DE324 /* AppDelegate.swift */; };
		8D49D5EC25833458004DE324 /* SceneDelegate.swift in Sources */ = {isa = PBXBuildFile; fileRef = 8D49D5EB25833458004DE324 /* SceneDelegate.swift */; };
		8D49D5EE25833458004DE324 /* WelcomeViewController.swift in Sources */ = {isa = PBXBuildFile; fileRef = 8D49D5ED25833458004DE324 /* WelcomeViewController.swift */; };
		8D49D5F32583345A004DE324 /* Assets.xcassets in Resources */ = {isa = PBXBuildFile; fileRef = 8D49D5F22583345A004DE324 /* Assets.xcassets */; };
		8D49D5F62583345A004DE324 /* LaunchScreen.storyboard in Resources */ = {isa = PBXBuildFile; fileRef = 8D49D5F42583345A004DE324 /* LaunchScreen.storyboard */; };
		8D49D603258367C4004DE324 /* RegisterViewController.swift in Sources */ = {isa = PBXBuildFile; fileRef = 8D49D602258367C4004DE324 /* RegisterViewController.swift */; };
		8D49D606258367DC004DE324 /* LoginViewController.swift in Sources */ = {isa = PBXBuildFile; fileRef = 8D49D605258367DC004DE324 /* LoginViewController.swift */; };
		8D49D609258367EC004DE324 /* ChatViewController.swift in Sources */ = {isa = PBXBuildFile; fileRef = 8D49D608258367EC004DE324 /* ChatViewController.swift */; };
		8D4EA27E25B6DC3D006E47B4 /* TableViewCell.swift in Sources */ = {isa = PBXBuildFile; fileRef = 8D4EA27C25B6DC3D006E47B4 /* TableViewCell.swift */; };
		8D4EA27F25B6DC3D006E47B4 /* TableViewCell.xib in Resources */ = {isa = PBXBuildFile; fileRef = 8D4EA27D25B6DC3D006E47B4 /* TableViewCell.xib */; };
		8D4EA28225B947CB006E47B4 /* Main.storyboard in Resources */ = {isa = PBXBuildFile; fileRef = 8D49D5EF25833458004DE324 /* Main.storyboard */; };
		8D6D0F862586154500D6582F /* GoogleService-Info.plist in Resources */ = {isa = PBXBuildFile; fileRef = 8D6D0F852586154400D6582F /* GoogleService-Info.plist */; };
		8DF785082588B34100A6D308 /* Message.swift in Sources */ = {isa = PBXBuildFile; fileRef = 8DF785072588B34100A6D308 /* Message.swift */; };
/* End PBXBuildFile section */

/* Begin PBXFileReference section */
		433EB88F3895E214E59354E1 /* Pods-00BF Talk.release.xcconfig */ = {isa = PBXFileReference; includeInIndex = 1; lastKnownFileType = text.xcconfig; name = "Pods-00BF Talk.release.xcconfig"; path = "Target Support Files/Pods-00BF Talk/Pods-00BF Talk.release.xcconfig"; sourceTree = "<group>"; };
		8762C4A3CF891618D2394914 /* Pods-00BF Talk.debug.xcconfig */ = {isa = PBXFileReference; includeInIndex = 1; lastKnownFileType = text.xcconfig; name = "Pods-00BF Talk.debug.xcconfig"; path = "Target Support Files/Pods-00BF Talk/Pods-00BF Talk.debug.xcconfig"; sourceTree = "<group>"; };
		8D49D5E625833458004DE324 /* 00BF Talk.app */ = {isa = PBXFileReference; explicitFileType = wrapper.application; includeInIndex = 0; path = "00BF Talk.app"; sourceTree = BUILT_PRODUCTS_DIR; };
		8D49D5E925833458004DE324 /* AppDelegate.swift */ = {isa = PBXFileReference; lastKnownFileType = sourcecode.swift; path = AppDelegate.swift; sourceTree = "<group>"; };
		8D49D5EB25833458004DE324 /* SceneDelegate.swift */ = {isa = PBXFileReference; lastKnownFileType = sourcecode.swift; path = SceneDelegate.swift; sourceTree = "<group>"; };
		8D49D5ED25833458004DE324 /* WelcomeViewController.swift */ = {isa = PBXFileReference; lastKnownFileType = sourcecode.swift; path = WelcomeViewController.swift; sourceTree = "<group>"; };
		8D49D5F025833458004DE324 /* Base */ = {isa = PBXFileReference; lastKnownFileType = file.storyboard; name = Base; path = Base.lproj/Main.storyboard; sourceTree = "<group>"; };
		8D49D5F22583345A004DE324 /* Assets.xcassets */ = {isa = PBXFileReference; lastKnownFileType = folder.assetcatalog; path = Assets.xcassets; sourceTree = "<group>"; };
		8D49D5F52583345A004DE324 /* Base */ = {isa = PBXFileReference; lastKnownFileType = file.storyboard; name = Base; path = Base.lproj/LaunchScreen.storyboard; sourceTree = "<group>"; };
		8D49D5F72583345A004DE324 /* Info.plist */ = {isa = PBXFileReference; lastKnownFileType = text.plist.xml; path = Info.plist; sourceTree = "<group>"; };
		8D49D602258367C4004DE324 /* RegisterViewController.swift */ = {isa = PBXFileReference; lastKnownFileType = sourcecode.swift; path = RegisterViewController.swift; sourceTree = "<group>"; };
		8D49D605258367DC004DE324 /* LoginViewController.swift */ = {isa = PBXFileReference; lastKnownFileType = sourcecode.swift; path = LoginViewController.swift; sourceTree = "<group>"; };
		8D49D608258367EC004DE324 /* ChatViewController.swift */ = {isa = PBXFileReference; lastKnownFileType = sourcecode.swift; path = ChatViewController.swift; sourceTree = "<group>"; };
		8D4EA27C25B6DC3D006E47B4 /* TableViewCell.swift */ = {isa = PBXFileReference; lastKnownFileType = sourcecode.swift; path = TableViewCell.swift; sourceTree = "<group>"; };
		8D4EA27D25B6DC3D006E47B4 /* TableViewCell.xib */ = {isa = PBXFileReference; lastKnownFileType = file.xib; path = TableViewCell.xib; sourceTree = "<group>"; };
		8D6D0F852586154400D6582F /* GoogleService-Info.plist */ = {isa = PBXFileReference; lastKnownFileType = text.plist; path = "GoogleService-Info.plist"; sourceTree = SOURCE_ROOT; };
		8DF785072588B34100A6D308 /* Message.swift */ = {isa = PBXFileReference; lastKnownFileType = sourcecode.swift; path = Message.swift; sourceTree = "<group>"; };
		8F16159CCCADD43C22C96BED /* libPods-00BF Talk.a */ = {isa = PBXFileReference; explicitFileType = archive.ar; includeInIndex = 0; path = "libPods-00BF Talk.a"; sourceTree = BUILT_PRODUCTS_DIR; };
/* End PBXFileReference section */

/* Begin PBXFrameworksBuildPhase section */
		8D49D5E325833458004DE324 /* Frameworks */ = {
			isa = PBXFrameworksBuildPhase;
			buildActionMask = 2147483647;
			files = (
				3AA6BD5AF345FA2AE2698B01 /* libPods-00BF Talk.a in Frameworks */,
			);
			runOnlyForDeploymentPostprocessing = 0;
		};
/* End PBXFrameworksBuildPhase section */

/* Begin PBXGroup section */
		673EE9E64C87390095D3D61A /* Pods */ = {
			isa = PBXGroup;
			children = (
				8762C4A3CF891618D2394914 /* Pods-00BF Talk.debug.xcconfig */,
				433EB88F3895E214E59354E1 /* Pods-00BF Talk.release.xcconfig */,
			);
			path = Pods;
			sourceTree = "<group>";
		};
		8D49D5DD25833458004DE324 = {
			isa = PBXGroup;
			children = (
				8D49D5E825833458004DE324 /* 00BF Talk */,
				8D49D5E725833458004DE324 /* Products */,
				673EE9E64C87390095D3D61A /* Pods */,
				C22890CAE0591D858A42DC72 /* Frameworks */,
			);
			sourceTree = "<group>";
		};
		8D49D5E725833458004DE324 /* Products */ = {
			isa = PBXGroup;
			children = (
				8D49D5E625833458004DE324 /* 00BF Talk.app */,
			);
			name = Products;
			sourceTree = "<group>";
		};
		8D49D5E825833458004DE324 /* 00BF Talk */ = {
			isa = PBXGroup;
			children = (
				8D49D5E925833458004DE324 /* AppDelegate.swift */,
				8D49D5EB25833458004DE324 /* SceneDelegate.swift */,
				8DF785062588B32200A6D308 /* Model */,
				8D49D600258367AB004DE324 /* Views */,
				8DF7850B2589A23C00A6D308 /* Controllers */,
				8D49D5F22583345A004DE324 /* Assets.xcassets */,
				8D49D5F42583345A004DE324 /* LaunchScreen.storyboard */,
				8D49D5F72583345A004DE324 /* Info.plist */,
				8D6D0F852586154400D6582F /* GoogleService-Info.plist */,
			);
			path = "00BF Talk";
			sourceTree = "<group>";
		};
		8D49D600258367AB004DE324 /* Views */ = {
			isa = PBXGroup;
			children = (
				8D49D5EF25833458004DE324 /* Main.storyboard */,
				8D4EA27C25B6DC3D006E47B4 /* TableViewCell.swift */,
				8D4EA27D25B6DC3D006E47B4 /* TableViewCell.xib */,
			);
			path = Views;
			sourceTree = "<group>";
		};
		8DF785062588B32200A6D308 /* Model */ = {
			isa = PBXGroup;
			children = (
				8DF785072588B34100A6D308 /* Message.swift */,
			);
			path = Model;
			sourceTree = "<group>";
		};
		8DF7850B2589A23C00A6D308 /* Controllers */ = {
			isa = PBXGroup;
			children = (
				8D49D5ED25833458004DE324 /* WelcomeViewController.swift */,
				8D49D602258367C4004DE324 /* RegisterViewController.swift */,
				8D49D605258367DC004DE324 /* LoginViewController.swift */,
				8D49D608258367EC004DE324 /* ChatViewController.swift */,
			);
			path = Controllers;
			sourceTree = "<group>";
		};
		C22890CAE0591D858A42DC72 /* Frameworks */ = {
			isa = PBXGroup;
			children = (
				8F16159CCCADD43C22C96BED /* libPods-00BF Talk.a */,
			);
			name = Frameworks;
			sourceTree = "<group>";
		};
/* End PBXGroup section */

/* Begin PBXNativeTarget section */
		8D49D5E525833458004DE324 /* 00BF Talk */ = {
			isa = PBXNativeTarget;
			buildConfigurationList = 8D49D5FA2583345A004DE324 /* Build configuration list for PBXNativeTarget "00BF Talk" */;
			buildPhases = (
				49DA5854DA4E68BAE0609CE4 /* [CP] Check Pods Manifest.lock */,
				8D49D5E225833458004DE324 /* Sources */,
				8D49D5E325833458004DE324 /* Frameworks */,
				8D49D5E425833458004DE324 /* Resources */,
				FD5CCE740495FE7046129631 /* [CP] Copy Pods Resources */,
			);
			buildRules = (
			);
			dependencies = (
			);
			name = "00BF Talk";
			productName = "00BF Talk";
			productReference = 8D49D5E625833458004DE324 /* 00BF Talk.app */;
			productType = "com.apple.product-type.application";
		};
/* End PBXNativeTarget section */

/* Begin PBXProject section */
		8D49D5DE25833458004DE324 /* Project object */ = {
			isa = PBXProject;
			attributes = {
				LastSwiftUpdateCheck = 1210;
				LastUpgradeCheck = 1210;
				TargetAttributes = {
					8D49D5E525833458004DE324 = {
						CreatedOnToolsVersion = 12.1;
					};
				};
			};
			buildConfigurationList = 8D49D5E125833458004DE324 /* Build configuration list for PBXProject "00BF Talk" */;
			compatibilityVersion = "Xcode 9.3";
			developmentRegion = en;
			hasScannedForEncodings = 0;
			knownRegions = (
				en,
				Base,
			);
			mainGroup = 8D49D5DD25833458004DE324;
			productRefGroup = 8D49D5E725833458004DE324 /* Products */;
			projectDirPath = "";
			projectRoot = "";
			targets = (
				8D49D5E525833458004DE324 /* 00BF Talk */,
			);
		};
/* End PBXProject section */

/* Begin PBXResourcesBuildPhase section */
		8D49D5E425833458004DE324 /* Resources */ = {
			isa = PBXResourcesBuildPhase;
			buildActionMask = 2147483647;
			files = (
				8D49D5F62583345A004DE324 /* LaunchScreen.storyboard in Resources */,
				8D4EA28225B947CB006E47B4 /* Main.storyboard in Resources */,
				8D4EA27F25B6DC3D006E47B4 /* TableViewCell.xib in Resources */,
				8D6D0F862586154500D6582F /* GoogleService-Info.plist in Resources */,
				8D49D5F32583345A004DE324 /* Assets.xcassets in Resources */,
			);
			runOnlyForDeploymentPostprocessing = 0;
		};
/* End PBXResourcesBuildPhase section */

/* Begin PBXShellScriptBuildPhase section */
		49DA5854DA4E68BAE0609CE4 /* [CP] Check Pods Manifest.lock */ = {
			isa = PBXShellScriptBuildPhase;
			buildActionMask = 2147483647;
			files = (
			);
			inputFileListPaths = (
			);
			inputPaths = (
				"${PODS_PODFILE_DIR_PATH}/Podfile.lock",
				"${PODS_ROOT}/Manifest.lock",
			);
			name = "[CP] Check Pods Manifest.lock";
			outputFileListPaths = (
			);
			outputPaths = (
				"$(DERIVED_FILE_DIR)/Pods-00BF Talk-checkManifestLockResult.txt",
			);
			runOnlyForDeploymentPostprocessing = 0;
			shellPath = /bin/sh;
			shellScript = "diff \"${PODS_PODFILE_DIR_PATH}/Podfile.lock\" \"${PODS_ROOT}/Manifest.lock\" > /dev/null\nif [ $? != 0 ] ; then\n    # print error to STDERR\n    echo \"error: The sandbox is not in sync with the Podfile.lock. Run 'pod install' or update your CocoaPods installation.\" >&2\n    exit 1\nfi\n# This output is used by Xcode 'outputs' to avoid re-running this script phase.\necho \"SUCCESS\" > \"${SCRIPT_OUTPUT_FILE_0}\"\n";
			showEnvVarsInLog = 0;
		};
		FD5CCE740495FE7046129631 /* [CP] Copy Pods Resources */ = {
			isa = PBXShellScriptBuildPhase;
			buildActionMask = 2147483647;
			files = (
			);
			inputFileListPaths = (
				"${PODS_ROOT}/Target Support Files/Pods-00BF Talk/Pods-00BF Talk-resources-${CONFIGURATION}-input-files.xcfilelist",
			);
			name = "[CP] Copy Pods Resources";
			outputFileListPaths = (
				"${PODS_ROOT}/Target Support Files/Pods-00BF Talk/Pods-00BF Talk-resources-${CONFIGURATION}-output-files.xcfilelist",
			);
			runOnlyForDeploymentPostprocessing = 0;
			shellPath = /bin/sh;
			shellScript = "\"${PODS_ROOT}/Target Support Files/Pods-00BF Talk/Pods-00BF Talk-resources.sh\"\n";
			showEnvVarsInLog = 0;
		};
/* End PBXShellScriptBuildPhase section */

/* Begin PBXSourcesBuildPhase section */
		8D49D5E225833458004DE324 /* Sources */ = {
			isa = PBXSourcesBuildPhase;
			buildActionMask = 2147483647;
			files = (
				8D49D5EE25833458004DE324 /* WelcomeViewController.swift in Sources */,
				8D4EA27E25B6DC3D006E47B4 /* TableViewCell.swift in Sources */,
				8D49D5EA25833458004DE324 /* AppDelegate.swift in Sources */,
				8D49D5EC25833458004DE324 /* SceneDelegate.swift in Sources */,
				8D49D606258367DC004DE324 /* LoginViewController.swift in Sources */,
				8D49D609258367EC004DE324 /* ChatViewController.swift in Sources */,
				8D49D603258367C4004DE324 /* RegisterViewController.swift in Sources */,
				8DF785082588B34100A6D308 /* Message.swift in Sources */,
			);
			runOnlyForDeploymentPostprocessing = 0;
		};
/* End PBXSourcesBuildPhase section */

/* Begin PBXVariantGroup section */
		8D49D5EF25833458004DE324 /* Main.storyboard */ = {
			isa = PBXVariantGroup;
			children = (
				8D49D5F025833458004DE324 /* Base */,
			);
			name = Main.storyboard;
			sourceTree = "<group>";
		};
		8D49D5F42583345A004DE324 /* LaunchScreen.storyboard */ = {
			isa = PBXVariantGroup;
			children = (
				8D49D5F52583345A004DE324 /* Base */,
			);
			name = LaunchScreen.storyboard;
			sourceTree = "<group>";
		};
/* End PBXVariantGroup section */

/* Begin XCBuildConfiguration section */
		8D49D5F82583345A004DE324 /* Debug */ = {
			isa = XCBuildConfiguration;
			buildSettings = {
				ALWAYS_SEARCH_USER_PATHS = NO;
				CLANG_ANALYZER_NONNULL = YES;
				CLANG_ANALYZER_NUMBER_OBJECT_CONVERSION = YES_AGGRESSIVE;
				CLANG_CXX_LANGUAGE_STANDARD = "gnu++14";
				CLANG_CXX_LIBRARY = "libc++";
				CLANG_ENABLE_MODULES = YES;
				CLANG_ENABLE_OBJC_ARC = YES;
				CLANG_ENABLE_OBJC_WEAK = YES;
				CLANG_WARN_BLOCK_CAPTURE_AUTORELEASING = YES;
				CLANG_WARN_BOOL_CONVERSION = YES;
				CLANG_WARN_COMMA = YES;
				CLANG_WARN_CONSTANT_CONVERSION = YES;
				CLANG_WARN_DEPRECATED_OBJC_IMPLEMENTATIONS = YES;
				CLANG_WARN_DIRECT_OBJC_ISA_USAGE = YES_ERROR;
				CLANG_WARN_DOCUMENTATION_COMMENTS = YES;
				CLANG_WARN_EMPTY_BODY = YES;
				CLANG_WARN_ENUM_CONVERSION = YES;
				CLANG_WARN_INFINITE_RECURSION = YES;
				CLANG_WARN_INT_CONVERSION = YES;
				CLANG_WARN_NON_LITERAL_NULL_CONVERSION = YES;
				CLANG_WARN_OBJC_IMPLICIT_RETAIN_SELF = YES;
				CLANG_WARN_OBJC_LITERAL_CONVERSION = YES;
				CLANG_WARN_OBJC_ROOT_CLASS = YES_ERROR;
				CLANG_WARN_QUOTED_INCLUDE_IN_FRAMEWORK_HEADER = YES;
				CLANG_WARN_RANGE_LOOP_ANALYSIS = YES;
				CLANG_WARN_STRICT_PROTOTYPES = YES;
				CLANG_WARN_SUSPICIOUS_MOVE = YES;
				CLANG_WARN_UNGUARDED_AVAILABILITY = YES_AGGRESSIVE;
				CLANG_WARN_UNREACHABLE_CODE = YES;
				CLANG_WARN__DUPLICATE_METHOD_MATCH = YES;
				COPY_PHASE_STRIP = NO;
				DEBUG_INFORMATION_FORMAT = dwarf;
				ENABLE_STRICT_OBJC_MSGSEND = YES;
				ENABLE_TESTABILITY = YES;
				GCC_C_LANGUAGE_STANDARD = gnu11;
				GCC_DYNAMIC_NO_PIC = NO;
				GCC_NO_COMMON_BLOCKS = YES;
				GCC_OPTIMIZATION_LEVEL = 0;
				GCC_PREPROCESSOR_DEFINITIONS = (
					"DEBUG=1",
					"$(inherited)",
				);
				GCC_WARN_64_TO_32_BIT_CONVERSION = YES;
				GCC_WARN_ABOUT_RETURN_TYPE = YES_ERROR;
				GCC_WARN_UNDECLARED_SELECTOR = YES;
				GCC_WARN_UNINITIALIZED_AUTOS = YES_AGGRESSIVE;
				GCC_WARN_UNUSED_FUNCTION = YES;
				GCC_WARN_UNUSED_VARIABLE = YES;
				IPHONEOS_DEPLOYMENT_TARGET = 14.1;
				MTL_ENABLE_DEBUG_INFO = INCLUDE_SOURCE;
				MTL_FAST_MATH = YES;
				ONLY_ACTIVE_ARCH = YES;
				SDKROOT = iphoneos;
				SWIFT_ACTIVE_COMPILATION_CONDITIONS = DEBUG;
				SWIFT_OPTIMIZATION_LEVEL = "-Onone";
			};
			name = Debug;
		};
		8D49D5F92583345A004DE324 /* Release */ = {
			isa = XCBuildConfiguration;
			buildSettings = {
				ALWAYS_SEARCH_USER_PATHS = NO;
				CLANG_ANALYZER_NONNULL = YES;
				CLANG_ANALYZER_NUMBER_OBJECT_CONVERSION = YES_AGGRESSIVE;
				CLANG_CXX_LANGUAGE_STANDARD = "gnu++14";
				CLANG_CXX_LIBRARY = "libc++";
				CLANG_ENABLE_MODULES = YES;
				CLANG_ENABLE_OBJC_ARC = YES;
				CLANG_ENABLE_OBJC_WEAK = YES;
				CLANG_WARN_BLOCK_CAPTURE_AUTORELEASING = YES;
				CLANG_WARN_BOOL_CONVERSION = YES;
				CLANG_WARN_COMMA = YES;
				CLANG_WARN_CONSTANT_CONVERSION = YES;
				CLANG_WARN_DEPRECATED_OBJC_IMPLEMENTATIONS = YES;
				CLANG_WARN_DIRECT_OBJC_ISA_USAGE = YES_ERROR;
				CLANG_WARN_DOCUMENTATION_COMMENTS = YES;
				CLANG_WARN_EMPTY_BODY = YES;
				CLANG_WARN_ENUM_CONVERSION = YES;
				CLANG_WARN_INFINITE_RECURSION = YES;
				CLANG_WARN_INT_CONVERSION = YES;
				CLANG_WARN_NON_LITERAL_NULL_CONVERSION = YES;
				CLANG_WARN_OBJC_IMPLICIT_RETAIN_SELF = YES;
				CLANG_WARN_OBJC_LITERAL_CONVERSION = YES;
				CLANG_WARN_OBJC_ROOT_CLASS = YES_ERROR;
				CLANG_WARN_QUOTED_INCLUDE_IN_FRAMEWORK_HEADER = YES;
				CLANG_WARN_RANGE_LOOP_ANALYSIS = YES;
				CLANG_WARN_STRICT_PROTOTYPES = YES;
				CLANG_WARN_SUSPICIOUS_MOVE = YES;
				CLANG_WARN_UNGUARDED_AVAILABILITY = YES_AGGRESSIVE;
				CLANG_WARN_UNREACHABLE_CODE = YES;
				CLANG_WARN__DUPLICATE_METHOD_MATCH = YES;
				COPY_PHASE_STRIP = NO;
				DEBUG_INFORMATION_FORMAT = "dwarf-with-dsym";
				ENABLE_NS_ASSERTIONS = NO;
				ENABLE_STRICT_OBJC_MSGSEND = YES;
				GCC_C_LANGUAGE_STANDARD = gnu11;
				GCC_NO_COMMON_BLOCKS = YES;
				GCC_WARN_64_TO_32_BIT_CONVERSION = YES;
				GCC_WARN_ABOUT_RETURN_TYPE = YES_ERROR;
				GCC_WARN_UNDECLARED_SELECTOR = YES;
				GCC_WARN_UNINITIALIZED_AUTOS = YES_AGGRESSIVE;
				GCC_WARN_UNUSED_FUNCTION = YES;
				GCC_WARN_UNUSED_VARIABLE = YES;
				IPHONEOS_DEPLOYMENT_TARGET = 14.1;
				MTL_ENABLE_DEBUG_INFO = NO;
				MTL_FAST_MATH = YES;
				SDKROOT = iphoneos;
				SWIFT_COMPILATION_MODE = wholemodule;
				SWIFT_OPTIMIZATION_LEVEL = "-O";
				VALIDATE_PRODUCT = YES;
			};
			name = Release;
		};
		8D49D5FB2583345A004DE324 /* Debug */ = {
			isa = XCBuildConfiguration;
			baseConfigurationReference = 8762C4A3CF891618D2394914 /* Pods-00BF Talk.debug.xcconfig */;
			buildSettings = {
				ASSETCATALOG_COMPILER_APPICON_NAME = AppIcon;
				ASSETCATALOG_COMPILER_GLOBAL_ACCENT_COLOR_NAME = AccentColor;
				CODE_SIGN_STYLE = Automatic;
				DEVELOPMENT_TEAM = PNJN7FTBY9;
				INFOPLIST_FILE = "00BF Talk/Info.plist";
				LD_RUNPATH_SEARCH_PATHS = (
					"$(inherited)",
					"@executable_path/Frameworks",
				);
				PRODUCT_BUNDLE_IDENTIFIER = com.jeneelee.00BFChat;
				PRODUCT_NAME = "$(TARGET_NAME)";
				SWIFT_VERSION = 5.0;
				TARGETED_DEVICE_FAMILY = "1,2";
			};
			name = Debug;
		};
		8D49D5FC2583345A004DE324 /* Release */ = {
			isa = XCBuildConfiguration;
			baseConfigurationReference = 433EB88F3895E214E59354E1 /* Pods-00BF Talk.release.xcconfig */;
			buildSettings = {
				ASSETCATALOG_COMPILER_APPICON_NAME = AppIcon;
				ASSETCATALOG_COMPILER_GLOBAL_ACCENT_COLOR_NAME = AccentColor;
				CODE_SIGN_STYLE = Automatic;
				DEVELOPMENT_TEAM = PNJN7FTBY9;
				INFOPLIST_FILE = "00BF Talk/Info.plist";
				LD_RUNPATH_SEARCH_PATHS = (
					"$(inherited)",
					"@executable_path/Frameworks",
				);
				PRODUCT_BUNDLE_IDENTIFIER = com.jeneelee.00BFChat;
				PRODUCT_NAME = "$(TARGET_NAME)";
				SWIFT_VERSION = 5.0;
				TARGETED_DEVICE_FAMILY = "1,2";
			};
			name = Release;
		};
/* End XCBuildConfiguration section */

/* Begin XCConfigurationList section */
		8D49D5E125833458004DE324 /* Build configuration list for PBXProject "00BF Talk" */ = {
			isa = XCConfigurationList;
			buildConfigurations = (
				8D49D5F82583345A004DE324 /* Debug */,
				8D49D5F92583345A004DE324 /* Release */,
			);
			defaultConfigurationIsVisible = 0;
			defaultConfigurationName = Release;
		};
		8D49D5FA2583345A004DE324 /* Build configuration list for PBXNativeTarget "00BF Talk" */ = {
			isa = XCConfigurationList;
			buildConfigurations = (
				8D49D5FB2583345A004DE324 /* Debug */,
				8D49D5FC2583345A004DE324 /* Release */,
			);
			defaultConfigurationIsVisible = 0;
			defaultConfigurationName = Release;
		};
/* End XCConfigurationList section */
	};
	rootObject = 8D49D5DE25833458004DE324 /* Project object */;
}
